
Microsoft Visual Studio Solution File, Format Version 12.00
Project("{2150E333-8FDC-42A3-9474-1A3956D46DE8}") = "Core", "Core", "{939370F9-93A0-487F-B7B5-A8D058ABDC40}"
EndProject
Project("{2150E333-8FDC-42A3-9474-1A3956D46DE8}") = "Infrastructure", "Infrastructure", "{AFFB9050-561C-4A68-834B-268B16FD971F}"
EndProject
Project("{2150E333-8FDC-42A3-9474-1A3956D46DE8}") = "Presentation", "Presentation", "{5FAC7C60-C9D2-403A-9840-4705AB14DA19}"
EndProject
Project("{FAE04EC0-301F-11D3-BF4B-00C04F79EFBC}") = "TSP.Application", "TSP.Application\TSP.Application.csproj", "{436363F9-2902-4176-BDB0-EDE4C6D905B5}"
EndProject
Project("{FAE04EC0-301F-11D3-BF4B-00C04F79EFBC}") = "TSP.Domain", "TSP.Domain\TSP.Domain.csproj", "{131EEB43-3356-46BF-AEF1-4A35DED6F5E2}"
EndProject
Project("{FAE04EC0-301F-11D3-BF4B-00C04F79EFBC}") = "TSP.Persistence", "TSP.Persistence\TSP.Persistence.csproj", "{3DE1CB92-7B59-4B85-9930-B71737E28E83}"
EndProject
Project("{FAE04EC0-301F-11D3-BF4B-00C04F79EFBC}") = "TSP.WebApi", "TSP.WebApi\TSP.WebApi.csproj", "{54ABDF70-CAEA-4E20-88CD-91AD80760D6B}"
EndProject
Global
	GlobalSection(SolutionConfigurationPlatforms) = preSolution
		Debug|Any CPU = Debug|Any CPU
		Release|Any CPU = Release|Any CPU
	EndGlobalSection
	GlobalSection(NestedProjects) = preSolution
		{436363F9-2902-4176-BDB0-EDE4C6D905B5} = {939370F9-93A0-487F-B7B5-A8D058ABDC40}
		{131EEB43-3356-46BF-AEF1-4A35DED6F5E2} = {939370F9-93A0-487F-B7B5-A8D058ABDC40}
		{3DE1CB92-7B59-4B85-9930-B71737E28E83} = {AFFB9050-561C-4A68-834B-268B16FD971F}
		{54ABDF70-CAEA-4E20-88CD-91AD80760D6B} = {5FAC7C60-C9D2-403A-9840-4705AB14DA19}
	EndGlobalSection
	GlobalSection(ProjectConfigurationPlatforms) = postSolution
		{436363F9-2902-4176-BDB0-EDE4C6D905B5}.Debug|Any CPU.ActiveCfg = Debug|Any CPU
		{436363F9-2902-4176-BDB0-EDE4C6D905B5}.Debug|Any CPU.Build.0 = Debug|Any CPU
		{436363F9-2902-4176-BDB0-EDE4C6D905B5}.Release|Any CPU.ActiveCfg = Release|Any CPU
		{436363F9-2902-4176-BDB0-EDE4C6D905B5}.Release|Any CPU.Build.0 = Release|Any CPU
		{131EEB43-3356-46BF-AEF1-4A35DED6F5E2}.Debug|Any CPU.ActiveCfg = Debug|Any CPU
		{131EEB43-3356-46BF-AEF1-4A35DED6F5E2}.Debug|Any CPU.Build.0 = Debug|Any CPU
		{131EEB43-3356-46BF-AEF1-4A35DED6F5E2}.Release|Any CPU.ActiveCfg = Release|Any CPU
		{131EEB43-3356-46BF-AEF1-4A35DED6F5E2}.Release|Any CPU.Build.0 = Release|Any CPU
		{3DE1CB92-7B59-4B85-9930-B71737E28E83}.Debug|Any CPU.ActiveCfg = Debug|Any CPU
		{3DE1CB92-7B59-4B85-9930-B71737E28E83}.Debug|Any CPU.Build.0 = Debug|Any CPU
		{3DE1CB92-7B59-4B85-9930-B71737E28E83}.Release|Any CPU.ActiveCfg = Release|Any CPU
		{3DE1CB92-7B59-4B85-9930-B71737E28E83}.Release|Any CPU.Build.0 = Release|Any CPU
		{54ABDF70-CAEA-4E20-88CD-91AD80760D6B}.Debug|Any CPU.ActiveCfg = Debug|Any CPU
		{54ABDF70-CAEA-4E20-88CD-91AD80760D6B}.Debug|Any CPU.Build.0 = Debug|Any CPU
		{54ABDF70-CAEA-4E20-88CD-91AD80760D6B}.Release|Any CPU.ActiveCfg = Release|Any CPU
		{54ABDF70-CAEA-4E20-88CD-91AD80760D6B}.Release|Any CPU.Build.0 = Release|Any CPU
	EndGlobalSection
EndGlobal
